{
  "version": 4,
  "terraform_version": "1.0.8",
  "serial": 26,
  "lineage": "7a684234-85a1-943a-570c-626b9e562b44",
  "outputs": {
    "Availablity_Zones_": {
      "value": [
        "us-east-1a",
        "us-east-1b"
      ],
      "type": [
        "list",
        "string"
      ]
    },
    "dynamodb_table_arn": {
      "value": "arn:aws:dynamodb:us-east-1:854390731207:table/Nikhil_terraform_state",
      "type": "string"
    },
    "dynamodb_table_id": {
      "value": "Nikhil_terraform_state",
      "type": "string"
    },
    "nat_public_ips_": {
      "value": [
        "3.218.24.43"
      ],
      "type": [
        "list",
        "string"
      ]
    },
    "private_subnets_": {
      "value": [
        "subnet-0de7b101c2e994bd0",
        "subnet-04c45a3e1b30bfd72"
      ],
      "type": [
        "tuple",
        [
          "string",
          "string"
        ]
      ]
    },
    "public_subnets_": {
      "value": [
        "subnet-0106689d85db6d51c",
        "subnet-020794b1931cfb9d4"
      ],
      "type": [
        "tuple",
        [
          "string",
          "string"
        ]
      ]
    },
    "region": {
      "value": "us-east-1",
      "type": "string"
    },
    "s3_bucket_arn": {
      "value": "arn:aws:s3:::nikhil-capstone-backend-tf",
      "type": "string"
    },
    "s3_bucket_id": {
      "value": "nikhil-capstone-backend-tf",
      "type": "string"
    },
    "security_group_id1": {
      "value": "sg-00139574f9bb02a53",
      "type": "string"
    },
    "security_group_id2": {
      "value": "sg-0a834f95d9b0878e2",
      "type": "string"
    },
    "security_group_id_all": {
      "value": "sg-097095dfb28adfdd6",
      "type": "string"
    },
    "security_group_name1": {
      "value": "worker_group_mgmt_one20211128155048950600000003",
      "type": "string"
    },
    "security_group_name2": {
      "value": "worker_group_mgmt_two20211128155048950300000001",
      "type": "string"
    },
    "security_group_name_all": {
      "value": "all_worker_management20211128155048950400000002",
      "type": "string"
    },
    "vpc_arn": {
      "value": "arn:aws:ec2:us-east-1:854390731207:vpc/vpc-00dcbe442ae4ce6e8",
      "type": "string"
    },
    "vpc_cidr_block_": {
      "value": "10.0.0.0/16",
      "type": "string"
    },
    "vpc_id_": {
      "value": "vpc-00dcbe442ae4ce6e8",
      "type": "string"
    }
  },
  "resources": [
    {
      "mode": "managed",
      "type": "aws_dynamodb_table",
      "name": "Nikhil-terraform-lock",
      "provider": "provider[\"registry.terraform.io/hashicorp/aws\"]",
      "instances": [
        {
          "schema_version": 1,
          "attributes": {
            "arn": "arn:aws:dynamodb:us-east-1:854390731207:table/Nikhil_terraform_state",
            "attribute": [
              {
                "name": "LockID",
                "type": "S"
              }
            ],
            "billing_mode": "PAY_PER_REQUEST",
            "global_secondary_index": [],
            "hash_key": "LockID",
            "id": "Nikhil_terraform_state",
            "local_secondary_index": [],
            "name": "Nikhil_terraform_state",
            "point_in_time_recovery": [
              {
                "enabled": false
              }
            ],
            "range_key": null,
            "read_capacity": 0,
            "replica": [],
            "server_side_encryption": [],
            "stream_arn": "",
            "stream_enabled": false,
            "stream_label": "",
            "stream_view_type": "",
            "tags": {
              "Name": "DynamoDB Terraform State Lock Table"
            },
            "tags_all": {
              "Name": "DynamoDB Terraform State Lock Table"
            },
            "timeouts": null,
            "ttl": [
              {
                "attribute_name": "",
                "enabled": false,
                "kms_key_arn": ""
              }
            ],
            "write_capacity": 0
          },
          "sensitive_attributes": [],
          "private": "eyJlMmJmYjczMC1lY2FhLTExZTYtOGY4OC0zNDM2M2JjN2M0YzAiOnsiY3JlYXRlIjoxMjAwMDAwMDAwMDAwLCJkZWxldGUiOjYwMDAwMDAwMDAwMCwidXBkYXRlIjozNjAwMDAwMDAwMDAwfSwic2NoZW1hX3ZlcnNpb24iOiIxIn0="
        }
      ]
    },
    {
      "mode": "managed",
      "type": "aws_s3_bucket",
      "name": "tfstatebucket",
      "provider": "provider[\"registry.terraform.io/hashicorp/aws\"]",
      "instances": [
        {
          "schema_version": 0,
          "attributes": {
            "acceleration_status": "",
            "acl": "private",
            "arn": "arn:aws:s3:::nikhil-capstone-backend-tf",
            "bucket": "nikhil-capstone-backend-tf",
            "bucket_domain_name": "nikhil-capstone-backend-tf.s3.amazonaws.com",
            "bucket_prefix": null,
            "bucket_regional_domain_name": "nikhil-capstone-backend-tf.s3.amazonaws.com",
            "cors_rule": [],
            "force_destroy": true,
            "grant": [],
            "hosted_zone_id": "Z3AQBSTGFYJSTF",
            "id": "nikhil-capstone-backend-tf",
            "lifecycle_rule": [],
            "logging": [],
            "object_lock_configuration": [],
            "policy": null,
            "region": "us-east-1",
            "replication_configuration": [],
            "request_payer": "BucketOwner",
            "server_side_encryption_configuration": [
              {
                "rule": [
                  {
                    "apply_server_side_encryption_by_default": [
                      {
                        "kms_master_key_id": "",
                        "sse_algorithm": "AES256"
                      }
                    ],
                    "bucket_key_enabled": false
                  }
                ]
              }
            ],
            "tags": {
              "Name": "S3 Remote Terraform State Store"
            },
            "tags_all": {
              "Name": "S3 Remote Terraform State Store"
            },
            "versioning": [
              {
                "enabled": true,
                "mfa_delete": false
              }
            ],
            "website": [],
            "website_domain": null,
            "website_endpoint": null
          },
          "sensitive_attributes": [],
          "private": "bnVsbA=="
        }
      ]
    },
    {
      "mode": "managed",
      "type": "aws_security_group",
      "name": "all_worker_mgmt",
      "provider": "provider[\"registry.terraform.io/hashicorp/aws\"]",
      "instances": [
        {
          "schema_version": 1,
          "attributes": {
            "arn": "arn:aws:ec2:us-east-1:854390731207:security-group/sg-097095dfb28adfdd6",
            "description": "Managed by Terraform",
            "egress": [],
            "id": "sg-097095dfb28adfdd6",
            "ingress": [
              {
                "cidr_blocks": [
                  "10.0.0.0/8",
                  "172.16.0.0/12",
                  "192.168.0.0/16"
                ],
                "description": "",
                "from_port": 22,
                "ipv6_cidr_blocks": [],
                "prefix_list_ids": [],
                "protocol": "tcp",
                "security_groups": [],
                "self": false,
                "to_port": 22
              }
            ],
            "name": "all_worker_management20211128155048950400000002",
            "name_prefix": "all_worker_management",
            "owner_id": "854390731207",
            "revoke_rules_on_delete": false,
            "tags": {},
            "tags_all": {},
            "timeouts": null,
            "vpc_id": "vpc-00dcbe442ae4ce6e8"
          },
          "sensitive_attributes": [],
          "private": "eyJlMmJmYjczMC1lY2FhLTExZTYtOGY4OC0zNDM2M2JjN2M0YzAiOnsiY3JlYXRlIjo2MDAwMDAwMDAwMDAsImRlbGV0ZSI6OTAwMDAwMDAwMDAwfSwic2NoZW1hX3ZlcnNpb24iOiIxIn0=",
          "dependencies": [
            "module.vpc.aws_vpc.this"
          ]
        }
      ]
    },
    {
      "mode": "managed",
      "type": "aws_security_group",
      "name": "worker_group_mgmt_one",
      "provider": "provider[\"registry.terraform.io/hashicorp/aws\"]",
      "instances": [
        {
          "schema_version": 1,
          "attributes": {
            "arn": "arn:aws:ec2:us-east-1:854390731207:security-group/sg-00139574f9bb02a53",
            "description": "Managed by Terraform",
            "egress": [],
            "id": "sg-00139574f9bb02a53",
            "ingress": [
              {
                "cidr_blocks": [
                  "10.0.0.0/8"
                ],
                "description": "",
                "from_port": 22,
                "ipv6_cidr_blocks": [],
                "prefix_list_ids": [],
                "protocol": "tcp",
                "security_groups": [],
                "self": false,
                "to_port": 22
              }
            ],
            "name": "worker_group_mgmt_one20211128155048950600000003",
            "name_prefix": "worker_group_mgmt_one",
            "owner_id": "854390731207",
            "revoke_rules_on_delete": false,
            "tags": {},
            "tags_all": {},
            "timeouts": null,
            "vpc_id": "vpc-00dcbe442ae4ce6e8"
          },
          "sensitive_attributes": [],
          "private": "eyJlMmJmYjczMC1lY2FhLTExZTYtOGY4OC0zNDM2M2JjN2M0YzAiOnsiY3JlYXRlIjo2MDAwMDAwMDAwMDAsImRlbGV0ZSI6OTAwMDAwMDAwMDAwfSwic2NoZW1hX3ZlcnNpb24iOiIxIn0=",
          "dependencies": [
            "module.vpc.aws_vpc.this"
          ]
        }
      ]
    },
    {
      "mode": "managed",
      "type": "aws_security_group",
      "name": "worker_group_mgmt_two",
      "provider": "provider[\"registry.terraform.io/hashicorp/aws\"]",
      "instances": [
        {
          "schema_version": 1,
          "attributes": {
            "arn": "arn:aws:ec2:us-east-1:854390731207:security-group/sg-0a834f95d9b0878e2",
            "description": "Managed by Terraform",
            "egress": [],
            "id": "sg-0a834f95d9b0878e2",
            "ingress": [
              {
                "cidr_blocks": [
                  "192.168.0.0/16"
                ],
                "description": "",
                "from_port": 22,
                "ipv6_cidr_blocks": [],
                "prefix_list_ids": [],
                "protocol": "tcp",
                "security_groups": [],
                "self": false,
                "to_port": 22
              }
            ],
            "name": "worker_group_mgmt_two20211128155048950300000001",
            "name_prefix": "worker_group_mgmt_two",
            "owner_id": "854390731207",
            "revoke_rules_on_delete": false,
            "tags": {},
            "tags_all": {},
            "timeouts": null,
            "vpc_id": "vpc-00dcbe442ae4ce6e8"
          },
          "sensitive_attributes": [],
          "private": "eyJlMmJmYjczMC1lY2FhLTExZTYtOGY4OC0zNDM2M2JjN2M0YzAiOnsiY3JlYXRlIjo2MDAwMDAwMDAwMDAsImRlbGV0ZSI6OTAwMDAwMDAwMDAwfSwic2NoZW1hX3ZlcnNpb24iOiIxIn0=",
          "dependencies": [
            "module.vpc.aws_vpc.this"
          ]
        }
      ]
    },
    {
      "module": "module.vpc",
      "mode": "managed",
      "type": "aws_eip",
      "name": "nat",
      "provider": "provider[\"registry.terraform.io/hashicorp/aws\"]",
      "instances": [
        {
          "index_key": 0,
          "schema_version": 0,
          "attributes": {
            "address": null,
            "allocation_id": "eipalloc-0251222c068257693",
            "associate_with_private_ip": null,
            "association_id": "eipassoc-0e45fddaa34a90d2a",
            "carrier_ip": "",
            "customer_owned_ip": "",
            "customer_owned_ipv4_pool": "",
            "domain": "vpc",
            "id": "eipalloc-0251222c068257693",
            "instance": "",
            "network_border_group": "us-east-1",
            "network_interface": "eni-00a53cc3fe2108e6f",
            "private_dns": "ip-10-0-101-82.ec2.internal",
            "private_ip": "10.0.101.82",
            "public_dns": "ec2-3-218-24-43.compute-1.amazonaws.com",
            "public_ip": "3.218.24.43",
            "public_ipv4_pool": "amazon",
            "tags": {
              "Environment": "Course Project",
              "Name": "Myvpc-us-east-1a",
              "Owner": "Nikhil",
              "kubernetes.io/cluster/my-eks-523": "shared"
            },
            "tags_all": {
              "Environment": "Course Project",
              "Name": "Myvpc-us-east-1a",
              "Owner": "Nikhil",
              "kubernetes.io/cluster/my-eks-523": "shared"
            },
            "timeouts": null,
            "vpc": true
          },
          "sensitive_attributes": [],
          "private": "eyJlMmJmYjczMC1lY2FhLTExZTYtOGY4OC0zNDM2M2JjN2M0YzAiOnsiZGVsZXRlIjoxODAwMDAwMDAwMDAsInJlYWQiOjkwMDAwMDAwMDAwMCwidXBkYXRlIjozMDAwMDAwMDAwMDB9fQ=="
        }
      ]
    },
    {
      "module": "module.vpc",
      "mode": "managed",
      "type": "aws_internet_gateway",
      "name": "this",
      "provider": "provider[\"registry.terraform.io/hashicorp/aws\"]",
      "instances": [
        {
          "index_key": 0,
          "schema_version": 0,
          "attributes": {
            "arn": "arn:aws:ec2:us-east-1:854390731207:internet-gateway/igw-073be841b4193dbb9",
            "id": "igw-073be841b4193dbb9",
            "owner_id": "854390731207",
            "tags": {
              "Environment": "Course Project",
              "Name": "Myvpc",
              "Owner": "Nikhil",
              "kubernetes.io/cluster/my-eks-523": "shared"
            },
            "tags_all": {
              "Environment": "Course Project",
              "Name": "Myvpc",
              "Owner": "Nikhil",
              "kubernetes.io/cluster/my-eks-523": "shared"
            },
            "vpc_id": "vpc-00dcbe442ae4ce6e8"
          },
          "sensitive_attributes": [],
          "private": "bnVsbA==",
          "dependencies": [
            "module.vpc.aws_vpc.this",
            "module.vpc.aws_vpc_ipv4_cidr_block_association.this"
          ]
        }
      ]
    },
    {
      "module": "module.vpc",
      "mode": "managed",
      "type": "aws_nat_gateway",
      "name": "this",
      "provider": "provider[\"registry.terraform.io/hashicorp/aws\"]",
      "instances": [
        {
          "index_key": 0,
          "schema_version": 0,
          "attributes": {
            "allocation_id": "eipalloc-0251222c068257693",
            "connectivity_type": "public",
            "id": "nat-07923dd81a09f6739",
            "network_interface_id": "eni-00a53cc3fe2108e6f",
            "private_ip": "10.0.101.82",
            "public_ip": "3.218.24.43",
            "subnet_id": "subnet-0106689d85db6d51c",
            "tags": {
              "Environment": "Course Project",
              "Name": "Myvpc-us-east-1a",
              "Owner": "Nikhil",
              "kubernetes.io/cluster/my-eks-523": "shared"
            },
            "tags_all": {
              "Environment": "Course Project",
              "Name": "Myvpc-us-east-1a",
              "Owner": "Nikhil",
              "kubernetes.io/cluster/my-eks-523": "shared"
            }
          },
          "sensitive_attributes": [],
          "private": "bnVsbA==",
          "dependencies": [
            "module.vpc.aws_internet_gateway.this",
            "module.vpc.aws_subnet.public",
            "module.vpc.aws_vpc.this",
            "module.vpc.aws_vpc_ipv4_cidr_block_association.this",
            "module.vpc.aws_eip.nat"
          ]
        }
      ]
    },
    {
      "module": "module.vpc",
      "mode": "managed",
      "type": "aws_route",
      "name": "private_nat_gateway",
      "provider": "provider[\"registry.terraform.io/hashicorp/aws\"]",
      "instances": [
        {
          "index_key": 0,
          "schema_version": 0,
          "attributes": {
            "carrier_gateway_id": "",
            "destination_cidr_block": "0.0.0.0/0",
            "destination_ipv6_cidr_block": "",
            "destination_prefix_list_id": "",
            "egress_only_gateway_id": "",
            "gateway_id": "",
            "id": "r-rtb-01a11b57893f8eb001080289494",
            "instance_id": "",
            "instance_owner_id": "",
            "local_gateway_id": "",
            "nat_gateway_id": "nat-07923dd81a09f6739",
            "network_interface_id": "",
            "origin": "CreateRoute",
            "route_table_id": "rtb-01a11b57893f8eb00",
            "state": "active",
            "timeouts": {
              "create": "5m",
              "delete": null,
              "update": null
            },
            "transit_gateway_id": "",
            "vpc_endpoint_id": "",
            "vpc_peering_connection_id": ""
          },
          "sensitive_attributes": [],
          "private": "eyJlMmJmYjczMC1lY2FhLTExZTYtOGY4OC0zNDM2M2JjN2M0YzAiOnsiY3JlYXRlIjozMDAwMDAwMDAwMDAsImRlbGV0ZSI6MzAwMDAwMDAwMDAwLCJ1cGRhdGUiOjEyMDAwMDAwMDAwMH19",
          "dependencies": [
            "module.vpc.aws_subnet.public",
            "module.vpc.aws_vpc.this",
            "module.vpc.aws_vpc_ipv4_cidr_block_association.this",
            "module.vpc.aws_eip.nat",
            "module.vpc.aws_internet_gateway.this",
            "module.vpc.aws_nat_gateway.this",
            "module.vpc.aws_route_table.private"
          ]
        }
      ]
    },
    {
      "module": "module.vpc",
      "mode": "managed",
      "type": "aws_route",
      "name": "public_internet_gateway",
      "provider": "provider[\"registry.terraform.io/hashicorp/aws\"]",
      "instances": [
        {
          "index_key": 0,
          "schema_version": 0,
          "attributes": {
            "carrier_gateway_id": "",
            "destination_cidr_block": "0.0.0.0/0",
            "destination_ipv6_cidr_block": "",
            "destination_prefix_list_id": "",
            "egress_only_gateway_id": "",
            "gateway_id": "igw-073be841b4193dbb9",
            "id": "r-rtb-0199938a5dd8938d81080289494",
            "instance_id": "",
            "instance_owner_id": "",
            "local_gateway_id": "",
            "nat_gateway_id": "",
            "network_interface_id": "",
            "origin": "CreateRoute",
            "route_table_id": "rtb-0199938a5dd8938d8",
            "state": "active",
            "timeouts": {
              "create": "5m",
              "delete": null,
              "update": null
            },
            "transit_gateway_id": "",
            "vpc_endpoint_id": "",
            "vpc_peering_connection_id": ""
          },
          "sensitive_attributes": [],
          "private": "eyJlMmJmYjczMC1lY2FhLTExZTYtOGY4OC0zNDM2M2JjN2M0YzAiOnsiY3JlYXRlIjozMDAwMDAwMDAwMDAsImRlbGV0ZSI6MzAwMDAwMDAwMDAwLCJ1cGRhdGUiOjEyMDAwMDAwMDAwMH19",
          "dependencies": [
            "module.vpc.aws_internet_gateway.this",
            "module.vpc.aws_route_table.public",
            "module.vpc.aws_vpc.this",
            "module.vpc.aws_vpc_ipv4_cidr_block_association.this"
          ]
        }
      ]
    },
    {
      "module": "module.vpc",
      "mode": "managed",
      "type": "aws_route_table",
      "name": "private",
      "provider": "provider[\"registry.terraform.io/hashicorp/aws\"]",
      "instances": [
        {
          "index_key": 0,
          "schema_version": 0,
          "attributes": {
            "arn": "arn:aws:ec2:us-east-1:854390731207:route-table/rtb-01a11b57893f8eb00",
            "id": "rtb-01a11b57893f8eb00",
            "owner_id": "854390731207",
            "propagating_vgws": [],
            "route": [
              {
                "carrier_gateway_id": "",
                "cidr_block": "0.0.0.0/0",
                "destination_prefix_list_id": "",
                "egress_only_gateway_id": "",
                "gateway_id": "",
                "instance_id": "",
                "ipv6_cidr_block": "",
                "local_gateway_id": "",
                "nat_gateway_id": "nat-07923dd81a09f6739",
                "network_interface_id": "",
                "transit_gateway_id": "",
                "vpc_endpoint_id": "",
                "vpc_peering_connection_id": ""
              }
            ],
            "tags": {
              "Environment": "Course Project",
              "Name": "Myvpc-private",
              "Owner": "Nikhil",
              "kubernetes.io/cluster/my-eks-523": "shared"
            },
            "tags_all": {
              "Environment": "Course Project",
              "Name": "Myvpc-private",
              "Owner": "Nikhil",
              "kubernetes.io/cluster/my-eks-523": "shared"
            },
            "timeouts": null,
            "vpc_id": "vpc-00dcbe442ae4ce6e8"
          },
          "sensitive_attributes": [],
          "private": "eyJlMmJmYjczMC1lY2FhLTExZTYtOGY4OC0zNDM2M2JjN2M0YzAiOnsiY3JlYXRlIjoxMjAwMDAwMDAwMDAsImRlbGV0ZSI6MzAwMDAwMDAwMDAwLCJ1cGRhdGUiOjEyMDAwMDAwMDAwMH19",
          "dependencies": [
            "module.vpc.aws_vpc.this",
            "module.vpc.aws_vpc_ipv4_cidr_block_association.this"
          ]
        }
      ]
    },
    {
      "module": "module.vpc",
      "mode": "managed",
      "type": "aws_route_table",
      "name": "public",
      "provider": "provider[\"registry.terraform.io/hashicorp/aws\"]",
      "instances": [
        {
          "index_key": 0,
          "schema_version": 0,
          "attributes": {
            "arn": "arn:aws:ec2:us-east-1:854390731207:route-table/rtb-0199938a5dd8938d8",
            "id": "rtb-0199938a5dd8938d8",
            "owner_id": "854390731207",
            "propagating_vgws": [],
            "route": [
              {
                "carrier_gateway_id": "",
                "cidr_block": "0.0.0.0/0",
                "destination_prefix_list_id": "",
                "egress_only_gateway_id": "",
                "gateway_id": "igw-073be841b4193dbb9",
                "instance_id": "",
                "ipv6_cidr_block": "",
                "local_gateway_id": "",
                "nat_gateway_id": "",
                "network_interface_id": "",
                "transit_gateway_id": "",
                "vpc_endpoint_id": "",
                "vpc_peering_connection_id": ""
              }
            ],
            "tags": {
              "Environment": "Course Project",
              "Name": "Myvpc-public",
              "Owner": "Nikhil",
              "kubernetes.io/cluster/my-eks-523": "shared"
            },
            "tags_all": {
              "Environment": "Course Project",
              "Name": "Myvpc-public",
              "Owner": "Nikhil",
              "kubernetes.io/cluster/my-eks-523": "shared"
            },
            "timeouts": null,
            "vpc_id": "vpc-00dcbe442ae4ce6e8"
          },
          "sensitive_attributes": [],
          "private": "eyJlMmJmYjczMC1lY2FhLTExZTYtOGY4OC0zNDM2M2JjN2M0YzAiOnsiY3JlYXRlIjoxMjAwMDAwMDAwMDAsImRlbGV0ZSI6MzAwMDAwMDAwMDAwLCJ1cGRhdGUiOjEyMDAwMDAwMDAwMH19",
          "dependencies": [
            "module.vpc.aws_vpc.this",
            "module.vpc.aws_vpc_ipv4_cidr_block_association.this"
          ]
        }
      ]
    },
    {
      "module": "module.vpc",
      "mode": "managed",
      "type": "aws_route_table_association",
      "name": "private",
      "provider": "provider[\"registry.terraform.io/hashicorp/aws\"]",
      "instances": [
        {
          "index_key": 0,
          "schema_version": 0,
          "attributes": {
            "gateway_id": "",
            "id": "rtbassoc-0fdcf53f448ba4bba",
            "route_table_id": "rtb-01a11b57893f8eb00",
            "subnet_id": "subnet-0de7b101c2e994bd0"
          },
          "sensitive_attributes": [],
          "private": "bnVsbA==",
          "dependencies": [
            "module.vpc.aws_subnet.private",
            "module.vpc.aws_vpc.this",
            "module.vpc.aws_vpc_ipv4_cidr_block_association.this",
            "module.vpc.aws_route_table.private"
          ]
        },
        {
          "index_key": 1,
          "schema_version": 0,
          "attributes": {
            "gateway_id": "",
            "id": "rtbassoc-0e1ac7dba91ead769",
            "route_table_id": "rtb-01a11b57893f8eb00",
            "subnet_id": "subnet-04c45a3e1b30bfd72"
          },
          "sensitive_attributes": [],
          "private": "bnVsbA==",
          "dependencies": [
            "module.vpc.aws_route_table.private",
            "module.vpc.aws_subnet.private",
            "module.vpc.aws_vpc.this",
            "module.vpc.aws_vpc_ipv4_cidr_block_association.this"
          ]
        }
      ]
    },
    {
      "module": "module.vpc",
      "mode": "managed",
      "type": "aws_route_table_association",
      "name": "public",
      "provider": "provider[\"registry.terraform.io/hashicorp/aws\"]",
      "instances": [
        {
          "index_key": 0,
          "schema_version": 0,
          "attributes": {
            "gateway_id": "",
            "id": "rtbassoc-092f96c913a3efd66",
            "route_table_id": "rtb-0199938a5dd8938d8",
            "subnet_id": "subnet-0106689d85db6d51c"
          },
          "sensitive_attributes": [],
          "private": "bnVsbA==",
          "dependencies": [
            "module.vpc.aws_route_table.public",
            "module.vpc.aws_subnet.public",
            "module.vpc.aws_vpc.this",
            "module.vpc.aws_vpc_ipv4_cidr_block_association.this"
          ]
        },
        {
          "index_key": 1,
          "schema_version": 0,
          "attributes": {
            "gateway_id": "",
            "id": "rtbassoc-003ec57abc731b1ba",
            "route_table_id": "rtb-0199938a5dd8938d8",
            "subnet_id": "subnet-020794b1931cfb9d4"
          },
          "sensitive_attributes": [],
          "private": "bnVsbA==",
          "dependencies": [
            "module.vpc.aws_route_table.public",
            "module.vpc.aws_subnet.public",
            "module.vpc.aws_vpc.this",
            "module.vpc.aws_vpc_ipv4_cidr_block_association.this"
          ]
        }
      ]
    },
    {
      "module": "module.vpc",
      "mode": "managed",
      "type": "aws_subnet",
      "name": "private",
      "provider": "provider[\"registry.terraform.io/hashicorp/aws\"]",
      "instances": [
        {
          "index_key": 0,
          "schema_version": 1,
          "attributes": {
            "arn": "arn:aws:ec2:us-east-1:854390731207:subnet/subnet-0de7b101c2e994bd0",
            "assign_ipv6_address_on_creation": false,
            "availability_zone": "us-east-1a",
            "availability_zone_id": "use1-az1",
            "cidr_block": "10.0.1.0/24",
            "customer_owned_ipv4_pool": "",
            "id": "subnet-0de7b101c2e994bd0",
            "ipv6_cidr_block": "",
            "ipv6_cidr_block_association_id": "",
            "map_customer_owned_ip_on_launch": false,
            "map_public_ip_on_launch": false,
            "outpost_arn": "",
            "owner_id": "854390731207",
            "tags": {
              "Environment": "Course Project",
              "Name": "Myvpc-private-us-east-1a",
              "Owner": "Nikhil",
              "Type": "private-subnets",
              "kubernetes.io/cluster/my-eks-523": "shared",
              "kubernetes.io/role/internal-elb": "1"
            },
            "tags_all": {
              "Environment": "Course Project",
              "Name": "Myvpc-private-us-east-1a",
              "Owner": "Nikhil",
              "Type": "private-subnets",
              "kubernetes.io/cluster/my-eks-523": "shared",
              "kubernetes.io/role/internal-elb": "1"
            },
            "timeouts": null,
            "vpc_id": "vpc-00dcbe442ae4ce6e8"
          },
          "sensitive_attributes": [],
          "private": "eyJlMmJmYjczMC1lY2FhLTExZTYtOGY4OC0zNDM2M2JjN2M0YzAiOnsiY3JlYXRlIjo2MDAwMDAwMDAwMDAsImRlbGV0ZSI6MTIwMDAwMDAwMDAwMH0sInNjaGVtYV92ZXJzaW9uIjoiMSJ9",
          "dependencies": [
            "module.vpc.aws_vpc.this",
            "module.vpc.aws_vpc_ipv4_cidr_block_association.this"
          ]
        },
        {
          "index_key": 1,
          "schema_version": 1,
          "attributes": {
            "arn": "arn:aws:ec2:us-east-1:854390731207:subnet/subnet-04c45a3e1b30bfd72",
            "assign_ipv6_address_on_creation": false,
            "availability_zone": "us-east-1b",
            "availability_zone_id": "use1-az2",
            "cidr_block": "10.0.2.0/24",
            "customer_owned_ipv4_pool": "",
            "id": "subnet-04c45a3e1b30bfd72",
            "ipv6_cidr_block": "",
            "ipv6_cidr_block_association_id": "",
            "map_customer_owned_ip_on_launch": false,
            "map_public_ip_on_launch": false,
            "outpost_arn": "",
            "owner_id": "854390731207",
            "tags": {
              "Environment": "Course Project",
              "Name": "Myvpc-private-us-east-1b",
              "Owner": "Nikhil",
              "Type": "private-subnets",
              "kubernetes.io/cluster/my-eks-523": "shared",
              "kubernetes.io/role/internal-elb": "1"
            },
            "tags_all": {
              "Environment": "Course Project",
              "Name": "Myvpc-private-us-east-1b",
              "Owner": "Nikhil",
              "Type": "private-subnets",
              "kubernetes.io/cluster/my-eks-523": "shared",
              "kubernetes.io/role/internal-elb": "1"
            },
            "timeouts": null,
            "vpc_id": "vpc-00dcbe442ae4ce6e8"
          },
          "sensitive_attributes": [],
          "private": "eyJlMmJmYjczMC1lY2FhLTExZTYtOGY4OC0zNDM2M2JjN2M0YzAiOnsiY3JlYXRlIjo2MDAwMDAwMDAwMDAsImRlbGV0ZSI6MTIwMDAwMDAwMDAwMH0sInNjaGVtYV92ZXJzaW9uIjoiMSJ9",
          "dependencies": [
            "module.vpc.aws_vpc_ipv4_cidr_block_association.this",
            "module.vpc.aws_vpc.this"
          ]
        }
      ]
    },
    {
      "module": "module.vpc",
      "mode": "managed",
      "type": "aws_subnet",
      "name": "public",
      "provider": "provider[\"registry.terraform.io/hashicorp/aws\"]",
      "instances": [
        {
          "index_key": 0,
          "schema_version": 1,
          "attributes": {
            "arn": "arn:aws:ec2:us-east-1:854390731207:subnet/subnet-0106689d85db6d51c",
            "assign_ipv6_address_on_creation": false,
            "availability_zone": "us-east-1a",
            "availability_zone_id": "use1-az1",
            "cidr_block": "10.0.101.0/24",
            "customer_owned_ipv4_pool": "",
            "id": "subnet-0106689d85db6d51c",
            "ipv6_cidr_block": "",
            "ipv6_cidr_block_association_id": "",
            "map_customer_owned_ip_on_launch": false,
            "map_public_ip_on_launch": true,
            "outpost_arn": "",
            "owner_id": "854390731207",
            "tags": {
              "Environment": "Course Project",
              "Name": "Myvpc-public-us-east-1a",
              "Owner": "Nikhil",
              "Type": "public-subnets",
              "kubernetes.io/cluster/my-eks-523": "shared",
              "kubernetes.io/role/elb": "1"
            },
            "tags_all": {
              "Environment": "Course Project",
              "Name": "Myvpc-public-us-east-1a",
              "Owner": "Nikhil",
              "Type": "public-subnets",
              "kubernetes.io/cluster/my-eks-523": "shared",
              "kubernetes.io/role/elb": "1"
            },
            "timeouts": null,
            "vpc_id": "vpc-00dcbe442ae4ce6e8"
          },
          "sensitive_attributes": [],
          "private": "eyJlMmJmYjczMC1lY2FhLTExZTYtOGY4OC0zNDM2M2JjN2M0YzAiOnsiY3JlYXRlIjo2MDAwMDAwMDAwMDAsImRlbGV0ZSI6MTIwMDAwMDAwMDAwMH0sInNjaGVtYV92ZXJzaW9uIjoiMSJ9",
          "dependencies": [
            "module.vpc.aws_vpc.this",
            "module.vpc.aws_vpc_ipv4_cidr_block_association.this"
          ]
        },
        {
          "index_key": 1,
          "schema_version": 1,
          "attributes": {
            "arn": "arn:aws:ec2:us-east-1:854390731207:subnet/subnet-020794b1931cfb9d4",
            "assign_ipv6_address_on_creation": false,
            "availability_zone": "us-east-1b",
            "availability_zone_id": "use1-az2",
            "cidr_block": "10.0.102.0/24",
            "customer_owned_ipv4_pool": "",
            "id": "subnet-020794b1931cfb9d4",
            "ipv6_cidr_block": "",
            "ipv6_cidr_block_association_id": "",
            "map_customer_owned_ip_on_launch": false,
            "map_public_ip_on_launch": true,
            "outpost_arn": "",
            "owner_id": "854390731207",
            "tags": {
              "Environment": "Course Project",
              "Name": "Myvpc-public-us-east-1b",
              "Owner": "Nikhil",
              "Type": "public-subnets",
              "kubernetes.io/cluster/my-eks-523": "shared",
              "kubernetes.io/role/elb": "1"
            },
            "tags_all": {
              "Environment": "Course Project",
              "Name": "Myvpc-public-us-east-1b",
              "Owner": "Nikhil",
              "Type": "public-subnets",
              "kubernetes.io/cluster/my-eks-523": "shared",
              "kubernetes.io/role/elb": "1"
            },
            "timeouts": null,
            "vpc_id": "vpc-00dcbe442ae4ce6e8"
          },
          "sensitive_attributes": [],
          "private": "eyJlMmJmYjczMC1lY2FhLTExZTYtOGY4OC0zNDM2M2JjN2M0YzAiOnsiY3JlYXRlIjo2MDAwMDAwMDAwMDAsImRlbGV0ZSI6MTIwMDAwMDAwMDAwMH0sInNjaGVtYV92ZXJzaW9uIjoiMSJ9",
          "dependencies": [
            "module.vpc.aws_vpc.this",
            "module.vpc.aws_vpc_ipv4_cidr_block_association.this"
          ]
        }
      ]
    },
    {
      "module": "module.vpc",
      "mode": "managed",
      "type": "aws_vpc",
      "name": "this",
      "provider": "provider[\"registry.terraform.io/hashicorp/aws\"]",
      "instances": [
        {
          "index_key": 0,
          "schema_version": 1,
          "attributes": {
            "arn": "arn:aws:ec2:us-east-1:854390731207:vpc/vpc-00dcbe442ae4ce6e8",
            "assign_generated_ipv6_cidr_block": false,
            "cidr_block": "10.0.0.0/16",
            "default_network_acl_id": "acl-0c3c80cea94f70c50",
            "default_route_table_id": "rtb-0dbf62c8807bd5c41",
            "default_security_group_id": "sg-0fdbd638ae3889d38",
            "dhcp_options_id": "dopt-5cb78326",
            "enable_classiclink": false,
            "enable_classiclink_dns_support": false,
            "enable_dns_hostnames": false,
            "enable_dns_support": true,
            "id": "vpc-00dcbe442ae4ce6e8",
            "instance_tenancy": "default",
            "ipv6_association_id": "",
            "ipv6_cidr_block": "",
            "main_route_table_id": "rtb-0dbf62c8807bd5c41",
            "owner_id": "854390731207",
            "tags": {
              "Environment": "Course Project",
              "Name": "Course VPC",
              "Owner": "Nikhil",
              "kubernetes.io/cluster/my-eks-523": "shared"
            },
            "tags_all": {
              "Environment": "Course Project",
              "Name": "Course VPC",
              "Owner": "Nikhil",
              "kubernetes.io/cluster/my-eks-523": "shared"
            }
          },
          "sensitive_attributes": [],
          "private": "eyJzY2hlbWFfdmVyc2lvbiI6IjEifQ=="
        }
      ]
    }
  ]
}
